PODS:
  - FamilyTree (1.0.0):
    - SnapKit
  - SnapKit (5.6.0)

DEPENDENCIES:
  - FamilyTree (from `../`)

SPEC REPOS:
  trunk:
    - SnapKit

EXTERNAL SOURCES:
  FamilyTree:
    :path: "../"

SPEC CHECKSUMS:
  FamilyTree: c1265af085d18c685f2e4f3fbc9e6c87d4f6a6f1
  SnapKit: e01d52ebb8ddbc333eefe2132acf85c8227d9c25

PODFILE CHECKSUM: b18ec4e0c816e8f9c2d7c5db31d73c04bc82cfa8

COCOAPODS: 1.16.2
